// !$*UTF8*$!
{
	archiveVersion = 1;
	classes = {
	};
	objectVersion = 50;
	objects = {

/* Begin PBXBuildFile section */
		540727AF25AE0A53007444EC /* AppDelegate.swift in Sources */ = {isa = PBXBuildFile; fileRef = 540727AE25AE0A53007444EC /* AppDelegate.swift */; };
		540727B125AE0A53007444EC /* SceneDelegate.swift in Sources */ = {isa = PBXBuildFile; fileRef = 540727B025AE0A53007444EC /* SceneDelegate.swift */; };
		540727B325AE0A53007444EC /* ViewController.swift in Sources */ = {isa = PBXBuildFile; fileRef = 540727B225AE0A53007444EC /* ViewController.swift */; };
		540727B625AE0A53007444EC /* Main.storyboard in Resources */ = {isa = PBXBuildFile; fileRef = 540727B425AE0A53007444EC /* Main.storyboard */; };
		540727B825AE0A54007444EC /* Assets.xcassets in Resources */ = {isa = PBXBuildFile; fileRef = 540727B725AE0A54007444EC /* Assets.xcassets */; };
		540727BB25AE0A54007444EC /* LaunchScreen.storyboard in Resources */ = {isa = PBXBuildFile; fileRef = 540727B925AE0A54007444EC /* LaunchScreen.storyboard */; };
		540727C325AE0A65007444EC /* .gitignore in Resources */ = {isa = PBXBuildFile; fileRef = 540727C225AE0A65007444EC /* .gitignore */; };
/* End PBXBuildFile section */

/* Begin PBXFileReference section */
		540727AB25AE0A53007444EC /* GitDemo2.app */ = {isa = PBXFileReference; explicitFileType = wrapper.application; includeInIndex = 0; path = GitDemo2.app; sourceTree = BUILT_PRODUCTS_DIR; };
		540727AE25AE0A53007444EC /* AppDelegate.swift */ = {isa = PBXFileReference; lastKnownFileType = sourcecode.swift; path = AppDelegate.swift; sourceTree = "<group>"; };
		540727B025AE0A53007444EC /* SceneDelegate.swift */ = {isa = PBXFileReference; lastKnownFileType = sourcecode.swift; path = SceneDelegate.swift; sourceTree = "<group>"; };
		540727B225AE0A53007444EC /* ViewController.swift */ = {isa = PBXFileReference; lastKnownFileType = sourcecode.swift; path = ViewController.swift; sourceTree = "<group>"; };
		540727B525AE0A53007444EC /* Base */ = {isa = PBXFileReference; lastKnownFileType = file.storyboard; name = Base; path = Base.lproj/Main.storyboard; sourceTree = "<group>"; };
		540727B725AE0A54007444EC /* Assets.xcassets */ = {isa = PBXFileReference; lastKnownFileType = folder.assetcatalog; path = Assets.xcassets; sourceTree = "<group>"; };
		540727BA25AE0A54007444EC /* Base */ = {isa = PBXFileReference; lastKnownFileType = file.storyboard; name = Base; path = Base.lproj/LaunchScreen.storyboard; sourceTree = "<group>"; };
		540727BC25AE0A54007444EC /* Info.plist */ = {isa = PBXFileReference; lastKnownFileType = text.plist.xml; path = Info.plist; sourceTree = "<group>"; };
		540727C225AE0A65007444EC /* .gitignore */ = {isa = PBXFileReference; lastKnownFileType = text; path = .gitignore; sourceTree = "<group>"; };
/* End PBXFileReference section */

/* Begin PBXFrameworksBuildPhase section */
		540727A825AE0A53007444EC /* Frameworks */ = {
			isa = PBXFrameworksBuildPhase;
			buildActionMask = 2147483647;
			files = (
			);
			runOnlyForDeploymentPostprocessing = 0;
		};
/* End PBXFrameworksBuildPhase section */

/* Begin PBXGroup section */
		540727A225AE0A53007444EC = {
			isa = PBXGroup;
			children = (
				540727C225AE0A65007444EC /* .gitignore */,
				540727AD25AE0A53007444EC /* GitDemo2 */,
				540727AC25AE0A53007444EC /* Products */,
			);
			sourceTree = "<group>";
		};
		540727AC25AE0A53007444EC /* Products */ = {
			isa = PBXGroup;
			children = (
				540727AB25AE0A53007444EC /* GitDemo2.app */,
			);
			name = Products;
			sourceTree = "<group>";
		};
		540727AD25AE0A53007444EC /* GitDemo2 */ = {
			isa = PBXGroup;
			children = (
				540727AE25AE0A53007444EC /* AppDelegate.swift */,
				540727B025AE0A53007444EC /* SceneDelegate.swift */,
				540727B225AE0A53007444EC /* ViewController.swift */,
				540727B425AE0A53007444EC /* Main.storyboard */,
				540727B725AE0A54007444EC /* Assets.xcassets */,
				540727B925AE0A54007444EC /* LaunchScreen.storyboard */,
				540727BC25AE0A54007444EC /* Info.plist */,
			);
			path = GitDemo2;
			sourceTree = "<group>";
		};
/* End PBXGroup section */

/* Begin PBXNativeTarget section */
		540727AA25AE0A53007444EC /* GitDemo2 */ = {
			isa = PBXNativeTarget;
			buildConfigurationList = 540727BF25AE0A54007444EC /* Build configuration list for PBXNativeTarget "GitDemo2" */;
			buildPhases = (
				540727A725AE0A53007444EC /* Sources */,
				540727A825AE0A53007444EC /* Frameworks */,
				540727A925AE0A53007444EC /* Resources */,
			);
			buildRules = (
			);
			dependencies = (
			);
			name = GitDemo2;
			productName = GitDemo2;
			productReference = 540727AB25AE0A53007444EC /* GitDemo2.app */;
			productType = "com.apple.product-type.application";
		};
/* End PBXNativeTarget section */

/* Begin PBXProject section */
		540727A325AE0A53007444EC /* Project object */ = {
			isa = PBXProject;
			attributes = {
				LastSwiftUpdateCheck = 1170;
				LastUpgradeCheck = 1170;
				ORGANIZATIONNAME = "Бейбарыс Шагай";
				TargetAttributes = {
					540727AA25AE0A53007444EC = {
						CreatedOnToolsVersion = 11.7;
					};
				};
			};
			buildConfigurationList = 540727A625AE0A53007444EC /* Build configuration list for PBXProject "GitDemo2" */;
			compatibilityVersion = "Xcode 9.3";
			developmentRegion = en;
			hasScannedForEncodings = 0;
			knownRegions = (
				en,
				Base,
			);
			mainGroup = 540727A225AE0A53007444EC;
			productRefGroup = 540727AC25AE0A53007444EC /* Products */;
			projectDirPath = "";
			projectRoot = "";
			targets = (
				540727AA25AE0A53007444EC /* GitDemo2 */,
			);
		};
/* End PBXProject section */

/* Begin PBXResourcesBuildPhase section */
		540727A925AE0A53007444EC /* Resources */ = {
			isa = PBXResourcesBuildPhase;
			buildActionMask = 2147483647;
			files = (
				540727C325AE0A65007444EC /* .gitignore in Resources */,
				540727BB25AE0A54007444EC /* LaunchScreen.storyboard in Resources */,
				540727B825AE0A54007444EC /* Assets.xcassets in Resources */,
				540727B625AE0A53007444EC /* Main.storyboard in Resources */,
			);
			runOnlyForDeploymentPostprocessing = 0;
		};
/* End PBXResourcesBuildPhase section */

/* Begin PBXSourcesBuildPhase section */
		540727A725AE0A53007444EC /* Sources */ = {
			isa = PBXSourcesBuildPhase;
			buildActionMask = 2147483647;
			files = (
				540727B325AE0A53007444EC /* ViewController.swift in Sources */,
				540727AF25AE0A53007444EC /* AppDelegate.swift in Sources */,
				540727B125AE0A53007444EC /* SceneDelegate.swift in Sources */,
			);
			runOnlyForDeploymentPostprocessing = 0;
		};
/* End PBXSourcesBuildPhase section */

/* Begin PBXVariantGroup section */
		540727B425AE0A53007444EC /* Main.storyboard */ = {
			isa = PBXVariantGroup;
			children = (
				540727B525AE0A53007444EC /* Base */,
			);
			name = Main.storyboard;
			sourceTree = "<group>";
		};
		540727B925AE0A54007444EC /* LaunchScreen.storyboard */ = {
			isa = PBXVariantGroup;
			children = (
				540727BA25AE0A54007444EC /* Base */,
			);
			name = LaunchScreen.storyboard;
			sourceTree = "<group>";
		};
/* End PBXVariantGroup section */

/* Begin XCBuildConfiguration section */
		540727BD25AE0A54007444EC /* Debug */ = {
			isa = XCBuildConfiguration;
			buildSettings = {
				ALWAYS_SEARCH_USER_PATHS = NO;
				CLANG_ANALYZER_NONNULL = YES;
				CLANG_ANALYZER_NUMBER_OBJECT_CONVERSION = YES_AGGRESSIVE;
				CLANG_CXX_LANGUAGE_STANDARD = "gnu++14";
				CLANG_CXX_LIBRARY = "libc++";
				CLANG_ENABLE_MODULES = YES;
				CLANG_ENABLE_OBJC_ARC = YES;
				CLANG_ENABLE_OBJC_WEAK = YES;
				CLANG_WARN_BLOCK_CAPTURE_AUTORELEASING = YES;
				CLANG_WARN_BOOL_CONVERSION = YES;
				CLANG_WARN_COMMA = YES;
				CLANG_WARN_CONSTANT_CONVERSION = YES;
				CLANG_WARN_DEPRECATED_OBJC_IMPLEMENTATIONS = YES;
				CLANG_WARN_DIRECT_OBJC_ISA_USAGE = YES_ERROR;
				CLANG_WARN_DOCUMENTATION_COMMENTS = YES;
				CLANG_WARN_EMPTY_BODY = YES;
				CLANG_WARN_ENUM_CONVERSION = YES;
				CLANG_WARN_INFINITE_RECURSION = YES;
				CLANG_WARN_INT_CONVERSION = YES;
				CLANG_WARN_NON_LITERAL_NULL_CONVERSION = YES;
				CLANG_WARN_OBJC_IMPLICIT_RETAIN_SELF = YES;
				CLANG_WARN_OBJC_LITERAL_CONVERSION = YES;
				CLANG_WARN_OBJC_ROOT_CLASS = YES_ERROR;
				CLANG_WARN_RANGE_LOOP_ANALYSIS = YES;
				CLANG_WARN_STRICT_PROTOTYPES = YES;
				CLANG_WARN_SUSPICIOUS_MOVE = YES;
				CLANG_WARN_UNGUARDED_AVAILABILITY = YES_AGGRESSIVE;
				CLANG_WARN_UNREACHABLE_CODE = YES;
				CLANG_WARN__DUPLICATE_METHOD_MATCH = YES;
				COPY_PHASE_STRIP = NO;
				DEBUG_INFORMATION_FORMAT = dwarf;
				ENABLE_STRICT_OBJC_MSGSEND = YES;
				ENABLE_TESTABILITY = YES;
				GCC_C_LANGUAGE_STANDARD = gnu11;
				GCC_DYNAMIC_NO_PIC = NO;
				GCC_NO_COMMON_BLOCKS = YES;
				GCC_OPTIMIZATION_LEVEL = 0;
				GCC_PREPROCESSOR_DEFINITIONS = (
					"DEBUG=1",
					"$(inherited)",
				);
				GCC_WARN_64_TO_32_BIT_CONVERSION = YES;
				GCC_WARN_ABOUT_RETURN_TYPE = YES_ERROR;
				GCC_WARN_UNDECLARED_SELECTOR = YES;
				GCC_WARN_UNINITIALIZED_AUTOS = YES_AGGRESSIVE;
				GCC_WARN_UNUSED_FUNCTION = YES;
				GCC_WARN_UNUSED_VARIABLE = YES;
				IPHONEOS_DEPLOYMENT_TARGET = 13.7;
				MTL_ENABLE_DEBUG_INFO = INCLUDE_SOURCE;
				MTL_FAST_MATH = YES;
				ONLY_ACTIVE_ARCH = YES;
				SDKROOT = iphoneos;
				SWIFT_ACTIVE_COMPILATION_CONDITIONS = DEBUG;
				SWIFT_OPTIMIZATION_LEVEL = "-Onone";
			};
			name = Debug;
		};
		540727BE25AE0A54007444EC /* Release */ = {
			isa = XCBuildConfiguration;
			buildSettings = {
				ALWAYS_SEARCH_USER_PATHS = NO;
				CLANG_ANALYZER_NONNULL = YES;
				CLANG_ANALYZER_NUMBER_OBJECT_CONVERSION = YES_AGGRESSIVE;
				CLANG_CXX_LANGUAGE_STANDARD = "gnu++14";
				CLANG_CXX_LIBRARY = "libc++";
				CLANG_ENABLE_MODULES = YES;
				CLANG_ENABLE_OBJC_ARC = YES;
				CLANG_ENABLE_OBJC_WEAK = YES;
				CLANG_WARN_BLOCK_CAPTURE_AUTORELEASING = YES;
				CLANG_WARN_BOOL_CONVERSION = YES;
				CLANG_WARN_COMMA = YES;
				CLANG_WARN_CONSTANT_CONVERSION = YES;
				CLANG_WARN_DEPRECATED_OBJC_IMPLEMENTATIONS = YES;
				CLANG_WARN_DIRECT_OBJC_ISA_USAGE = YES_ERROR;
				CLANG_WARN_DOCUMENTATION_COMMENTS = YES;
				CLANG_WARN_EMPTY_BODY = YES;
				CLANG_WARN_ENUM_CONVERSION = YES;
				CLANG_WARN_INFINITE_RECURSION = YES;
				CLANG_WARN_INT_CONVERSION = YES;
				CLANG_WARN_NON_LITERAL_NULL_CONVERSION = YES;
				CLANG_WARN_OBJC_IMPLICIT_RETAIN_SELF = YES;
				CLANG_WARN_OBJC_LITERAL_CONVERSION = YES;
				CLANG_WARN_OBJC_ROOT_CLASS = YES_ERROR;
				CLANG_WARN_RANGE_LOOP_ANALYSIS = YES;
				CLANG_WARN_STRICT_PROTOTYPES = YES;
				CLANG_WARN_SUSPICIOUS_MOVE = YES;
				CLANG_WARN_UNGUARDED_AVAILABILITY = YES_AGGRESSIVE;
				CLANG_WARN_UNREACHABLE_CODE = YES;
				CLANG_WARN__DUPLICATE_METHOD_MATCH = YES;
				COPY_PHASE_STRIP = NO;
				DEBUG_INFORMATION_FORMAT = "dwarf-with-dsym";
				ENABLE_NS_ASSERTIONS = NO;
				ENABLE_STRICT_OBJC_MSGSEND = YES;
				GCC_C_LANGUAGE_STANDARD = gnu11;
				GCC_NO_COMMON_BLOCKS = YES;
				GCC_WARN_64_TO_32_BIT_CONVERSION = YES;
				GCC_WARN_ABOUT_RETURN_TYPE = YES_ERROR;
				GCC_WARN_UNDECLARED_SELECTOR = YES;
				GCC_WARN_UNINITIALIZED_AUTOS = YES_AGGRESSIVE;
				GCC_WARN_UNUSED_FUNCTION = YES;
				GCC_WARN_UNUSED_VARIABLE = YES;
				IPHONEOS_DEPLOYMENT_TARGET = 13.7;
				MTL_ENABLE_DEBUG_INFO = NO;
				MTL_FAST_MATH = YES;
				SDKROOT = iphoneos;
				SWIFT_COMPILATION_MODE = wholemodule;
				SWIFT_OPTIMIZATION_LEVEL = "-O";
				VALIDATE_PRODUCT = YES;
			};
			name = Release;
		};
		540727C025AE0A54007444EC /* Debug */ = {
			isa = XCBuildConfiguration;
			buildSettings = {
				ASSETCATALOG_COMPILER_APPICON_NAME = AppIcon;
				CODE_SIGN_STYLE = Automatic;
				DEVELOPMENT_TEAM = D2HRKMFNN5;
				INFOPLIST_FILE = GitDemo2/Info.plist;
				LD_RUNPATH_SEARCH_PATHS = (
					"$(inherited)",
					"@executable_path/Frameworks",
				);
				PRODUCT_BUNDLE_IDENTIFIER = wordnik.api.GitDemo2;
				PRODUCT_NAME = "$(TARGET_NAME)";
				SWIFT_VERSION = 5.0;
				TARGETED_DEVICE_FAMILY = "1,2";
			};
			name = Debug;
		};
		540727C125AE0A54007444EC /* Release */ = {
			isa = XCBuildConfiguration;
			buildSettings = {
				ASSETCATALOG_COMPILER_APPICON_NAME = AppIcon;
				CODE_SIGN_STYLE = Automatic;
				DEVELOPMENT_TEAM = D2HRKMFNN5;
				INFOPLIST_FILE = GitDemo2/Info.plist;
				LD_RUNPATH_SEARCH_PATHS = (
					"$(inherited)",
					"@executable_path/Frameworks",
				);
				PRODUCT_BUNDLE_IDENTIFIER = wordnik.api.GitDemo2;
				PRODUCT_NAME = "$(TARGET_NAME)";
				SWIFT_VERSION = 5.0;
				TARGETED_DEVICE_FAMILY = "1,2";
			};
			name = Release;
		};
/* End XCBuildConfiguration section */

/* Begin XCConfigurationList section */
		540727A625AE0A53007444EC /* Build configuration list for PBXProject "GitDemo2" */ = {
			isa = XCConfigurationList;
			buildConfigurations = (
				540727BD25AE0A54007444EC /* Debug */,
				540727BE25AE0A54007444EC /* Release */,
			);
			defaultConfigurationIsVisible = 0;
			defaultConfigurationName = Release;
		};
		540727BF25AE0A54007444EC /* Build configuration list for PBXNativeTarget "GitDemo2" */ = {
			isa = XCConfigurationList;
			buildConfigurations = (
				540727C025AE0A54007444EC /* Debug */,
				540727C125AE0A54007444EC /* Release */,
			);
			defaultConfigurationIsVisible = 0;
			defaultConfigurationName = Release;
		};
/* End XCConfigurationList section */
	};
	rootObject = 540727A325AE0A53007444EC /* Project object */;
}
